
Microsoft Visual Studio Solution File, Format Version 12.00
# Visual Studio Version 17
VisualStudioVersion = 17.0.31903.59
MinimumVisualStudioVersion = 10.0.40219.1
Project("{FAE04EC0-301F-11D3-BF4B-00C04F79EFBC}") = "API", "API\API.csproj", "{043DA7D9-0AC4-4801-AC88-7935AF01C983}"
EndProject
Project("{FAE04EC0-301F-11D3-BF4B-00C04F79EFBC}") = "Core", "Core\Core.csproj", "{B629131D-9118-4587-AB5F-B48ED5929904}"
EndProject
Project("{FAE04EC0-301F-11D3-BF4B-00C04F79EFBC}") = "Infrastructure", "Infrastructure\Infrastructure.csproj", "{0CFD07AB-C3E6-4A40-99FE-8F06AF3E6533}"
EndProject
Global
	GlobalSection(SolutionConfigurationPlatforms) = preSolution
		Debug|Any CPU = Debug|Any CPU
		Release|Any CPU = Release|Any CPU
	EndGlobalSection
	GlobalSection(SolutionProperties) = preSolution
		HideSolutionNode = FALSE
	EndGlobalSection
	GlobalSection(ProjectConfigurationPlatforms) = postSolution
		{043DA7D9-0AC4-4801-AC88-7935AF01C983}.Debug|Any CPU.ActiveCfg = Debug|Any CPU
		{043DA7D9-0AC4-4801-AC88-7935AF01C983}.Debug|Any CPU.Build.0 = Debug|Any CPU
		{043DA7D9-0AC4-4801-AC88-7935AF01C983}.Release|Any CPU.ActiveCfg = Release|Any CPU
		{043DA7D9-0AC4-4801-AC88-7935AF01C983}.Release|Any CPU.Build.0 = Release|Any CPU
		{B629131D-9118-4587-AB5F-B48ED5929904}.Debug|Any CPU.ActiveCfg = Debug|Any CPU
		{B629131D-9118-4587-AB5F-B48ED5929904}.Debug|Any CPU.Build.0 = Debug|Any CPU
		{B629131D-9118-4587-AB5F-B48ED5929904}.Release|Any CPU.ActiveCfg = Release|Any CPU
		{B629131D-9118-4587-AB5F-B48ED5929904}.Release|Any CPU.Build.0 = Release|Any CPU
		{0CFD07AB-C3E6-4A40-99FE-8F06AF3E6533}.Debug|Any CPU.ActiveCfg = Debug|Any CPU
		{0CFD07AB-C3E6-4A40-99FE-8F06AF3E6533}.Debug|Any CPU.Build.0 = Debug|Any CPU
		{0CFD07AB-C3E6-4A40-99FE-8F06AF3E6533}.Release|Any CPU.ActiveCfg = Release|Any CPU
		{0CFD07AB-C3E6-4A40-99FE-8F06AF3E6533}.Release|Any CPU.Build.0 = Release|Any CPU
	EndGlobalSection
EndGlobal
